// !$*UTF8*$!
{
	archiveVersion = 1;
	classes = {
	};
	objectVersion = 55;
	objects = {

/* Begin PBXBuildFile section */
		2730C88E28447E680040DB1C /* BannerCell.swift in Sources */ = {isa = PBXBuildFile; fileRef = 2730C88D28447E680040DB1C /* BannerCell.swift */; };
		2730C8902844A12F0040DB1C /* DeliveryViewController.swift in Sources */ = {isa = PBXBuildFile; fileRef = 2730C88F2844A12F0040DB1C /* DeliveryViewController.swift */; };
		2730C8922844AACA0040DB1C /* OneViewController.swift in Sources */ = {isa = PBXBuildFile; fileRef = 2730C8912844AACA0040DB1C /* OneViewController.swift */; };
		2730C8942844ABBE0040DB1C /* TwoViewController.swift in Sources */ = {isa = PBXBuildFile; fileRef = 2730C8932844ABBE0040DB1C /* TwoViewController.swift */; };
		2730C8962844ABC80040DB1C /* ThreeViewController.swift in Sources */ = {isa = PBXBuildFile; fileRef = 2730C8952844ABC80040DB1C /* ThreeViewController.swift */; };
		2730C8982844ABD20040DB1C /* FourViewController.swift in Sources */ = {isa = PBXBuildFile; fileRef = 2730C8972844ABD20040DB1C /* FourViewController.swift */; };
		2730C89A2844ABD90040DB1C /* FIveViewController.swift in Sources */ = {isa = PBXBuildFile; fileRef = 2730C8992844ABD90040DB1C /* FIveViewController.swift */; };
		2730C89D2844B4560040DB1C /* SixViewController.swift in Sources */ = {isa = PBXBuildFile; fileRef = 2730C89C2844B4560040DB1C /* SixViewController.swift */; };
		273798E22843AAC4009B7255 /* AppDelegate.swift in Sources */ = {isa = PBXBuildFile; fileRef = 273798E12843AAC4009B7255 /* AppDelegate.swift */; };
		273798E42843AAC4009B7255 /* SceneDelegate.swift in Sources */ = {isa = PBXBuildFile; fileRef = 273798E32843AAC4009B7255 /* SceneDelegate.swift */; };
		273798E62843AAC4009B7255 /* ViewController.swift in Sources */ = {isa = PBXBuildFile; fileRef = 273798E52843AAC4009B7255 /* ViewController.swift */; };
		273798E92843AAC4009B7255 /* Main.storyboard in Resources */ = {isa = PBXBuildFile; fileRef = 273798E72843AAC4009B7255 /* Main.storyboard */; };
		273798EB2843AAC5009B7255 /* Assets.xcassets in Resources */ = {isa = PBXBuildFile; fileRef = 273798EA2843AAC5009B7255 /* Assets.xcassets */; };
		273798EE2843AAC5009B7255 /* LaunchScreen.storyboard in Resources */ = {isa = PBXBuildFile; fileRef = 273798EC2843AAC5009B7255 /* LaunchScreen.storyboard */; };
		276343B72845006000D328E0 /* RestaurantViewController.swift in Sources */ = {isa = PBXBuildFile; fileRef = 276343B62845006000D328E0 /* RestaurantViewController.swift */; };
		278444542844D273005B8B63 /* DeliveryBannerCell.swift in Sources */ = {isa = PBXBuildFile; fileRef = 278444532844D273005B8B63 /* DeliveryBannerCell.swift */; };
		27EDFA772843C404008752E7 /* NavigationController.swift in Sources */ = {isa = PBXBuildFile; fileRef = 27EDFA762843C404008752E7 /* NavigationController.swift */; };
		E15F75565792FDCB7B860438 /* Pods_Baemin.framework in Frameworks */ = {isa = PBXBuildFile; fileRef = A3E0AA89B7636C520399C60C /* Pods_Baemin.framework */; };
/* End PBXBuildFile section */

/* Begin PBXFileReference section */
		2730C88D28447E680040DB1C /* BannerCell.swift */ = {isa = PBXFileReference; lastKnownFileType = sourcecode.swift; path = BannerCell.swift; sourceTree = "<group>"; };
		2730C88F2844A12F0040DB1C /* DeliveryViewController.swift */ = {isa = PBXFileReference; lastKnownFileType = sourcecode.swift; path = DeliveryViewController.swift; sourceTree = "<group>"; };
		2730C8912844AACA0040DB1C /* OneViewController.swift */ = {isa = PBXFileReference; lastKnownFileType = sourcecode.swift; path = OneViewController.swift; sourceTree = "<group>"; };
		2730C8932844ABBE0040DB1C /* TwoViewController.swift */ = {isa = PBXFileReference; lastKnownFileType = sourcecode.swift; name = TwoViewController.swift; path = Baemin/Controller/TabbarVController/TwoViewController.swift; sourceTree = SOURCE_ROOT; };
		2730C8952844ABC80040DB1C /* ThreeViewController.swift */ = {isa = PBXFileReference; lastKnownFileType = sourcecode.swift; name = ThreeViewController.swift; path = Baemin/Controller/TabbarVController/ThreeViewController.swift; sourceTree = SOURCE_ROOT; };
		2730C8972844ABD20040DB1C /* FourViewController.swift */ = {isa = PBXFileReference; lastKnownFileType = sourcecode.swift; name = FourViewController.swift; path = Baemin/Controller/TabbarVController/FourViewController.swift; sourceTree = SOURCE_ROOT; };
		2730C8992844ABD90040DB1C /* FIveViewController.swift */ = {isa = PBXFileReference; lastKnownFileType = sourcecode.swift; name = FIveViewController.swift; path = Baemin/Controller/TabbarVController/FIveViewController.swift; sourceTree = SOURCE_ROOT; };
		2730C89C2844B4560040DB1C /* SixViewController.swift */ = {isa = PBXFileReference; lastKnownFileType = sourcecode.swift; path = SixViewController.swift; sourceTree = "<group>"; };
		273798DE2843AAC4009B7255 /* Baemin.app */ = {isa = PBXFileReference; explicitFileType = wrapper.application; includeInIndex = 0; path = Baemin.app; sourceTree = BUILT_PRODUCTS_DIR; };
		273798E12843AAC4009B7255 /* AppDelegate.swift */ = {isa = PBXFileReference; lastKnownFileType = sourcecode.swift; path = AppDelegate.swift; sourceTree = "<group>"; };
		273798E32843AAC4009B7255 /* SceneDelegate.swift */ = {isa = PBXFileReference; lastKnownFileType = sourcecode.swift; path = SceneDelegate.swift; sourceTree = "<group>"; };
		273798E52843AAC4009B7255 /* ViewController.swift */ = {isa = PBXFileReference; lastKnownFileType = sourcecode.swift; path = ViewController.swift; sourceTree = "<group>"; };
		273798E82843AAC4009B7255 /* Base */ = {isa = PBXFileReference; lastKnownFileType = file.storyboard; name = Base; path = Base.lproj/Main.storyboard; sourceTree = "<group>"; };
		273798EA2843AAC5009B7255 /* Assets.xcassets */ = {isa = PBXFileReference; lastKnownFileType = folder.assetcatalog; path = Assets.xcassets; sourceTree = "<group>"; };
		273798ED2843AAC5009B7255 /* Base */ = {isa = PBXFileReference; lastKnownFileType = file.storyboard; name = Base; path = Base.lproj/LaunchScreen.storyboard; sourceTree = "<group>"; };
		273798EF2843AAC5009B7255 /* Info.plist */ = {isa = PBXFileReference; lastKnownFileType = text.plist.xml; path = Info.plist; sourceTree = "<group>"; };
		276343B62845006000D328E0 /* RestaurantViewController.swift */ = {isa = PBXFileReference; lastKnownFileType = sourcecode.swift; path = RestaurantViewController.swift; sourceTree = "<group>"; };
		278444532844D273005B8B63 /* DeliveryBannerCell.swift */ = {isa = PBXFileReference; lastKnownFileType = sourcecode.swift; name = DeliveryBannerCell.swift; path = Baemin/Controller/DeliveryBannerCell.swift; sourceTree = SOURCE_ROOT; };
		27EDFA762843C404008752E7 /* NavigationController.swift */ = {isa = PBXFileReference; lastKnownFileType = sourcecode.swift; name = NavigationController.swift; path = Baemin/Controller/NavigationController.swift; sourceTree = SOURCE_ROOT; };
		3FBAD09A8B2C57C3C0952CC5 /* Pods-Baemin.release.xcconfig */ = {isa = PBXFileReference; includeInIndex = 1; lastKnownFileType = text.xcconfig; name = "Pods-Baemin.release.xcconfig"; path = "Target Support Files/Pods-Baemin/Pods-Baemin.release.xcconfig"; sourceTree = "<group>"; };
		A3E0AA89B7636C520399C60C /* Pods_Baemin.framework */ = {isa = PBXFileReference; explicitFileType = wrapper.framework; includeInIndex = 0; path = Pods_Baemin.framework; sourceTree = BUILT_PRODUCTS_DIR; };
		EA9BF396FC7C97487A458884 /* Pods-Baemin.debug.xcconfig */ = {isa = PBXFileReference; includeInIndex = 1; lastKnownFileType = text.xcconfig; name = "Pods-Baemin.debug.xcconfig"; path = "Target Support Files/Pods-Baemin/Pods-Baemin.debug.xcconfig"; sourceTree = "<group>"; };
/* End PBXFileReference section */

/* Begin PBXFrameworksBuildPhase section */
		273798DB2843AAC4009B7255 /* Frameworks */ = {
			isa = PBXFrameworksBuildPhase;
			buildActionMask = 2147483647;
			files = (
				E15F75565792FDCB7B860438 /* Pods_Baemin.framework in Frameworks */,
			);
			runOnlyForDeploymentPostprocessing = 0;
		};
/* End PBXFrameworksBuildPhase section */

/* Begin PBXGroup section */
		1A283BBADA00EED29B53F17C /* Frameworks */ = {
			isa = PBXGroup;
			children = (
				A3E0AA89B7636C520399C60C /* Pods_Baemin.framework */,
			);
			name = Frameworks;
			sourceTree = "<group>";
		};
		2730C89B2844ABE50040DB1C /* TabbarVController */ = {
			isa = PBXGroup;
			children = (
				2730C88F2844A12F0040DB1C /* DeliveryViewController.swift */,
				2730C8912844AACA0040DB1C /* OneViewController.swift */,
				2730C8932844ABBE0040DB1C /* TwoViewController.swift */,
				2730C8952844ABC80040DB1C /* ThreeViewController.swift */,
				2730C8972844ABD20040DB1C /* FourViewController.swift */,
				2730C8992844ABD90040DB1C /* FIveViewController.swift */,
				2730C89C2844B4560040DB1C /* SixViewController.swift */,
			);
			path = TabbarVController;
			sourceTree = "<group>";
		};
		273442A52843AE6D00E76093 /* Model */ = {
			isa = PBXGroup;
			children = (
				273798EA2843AAC5009B7255 /* Assets.xcassets */,
			);
			path = Model;
			sourceTree = "<group>";
		};
		273442A62843AE7300E76093 /* View */ = {
			isa = PBXGroup;
			children = (
				273798EC2843AAC5009B7255 /* LaunchScreen.storyboard */,
				273798E72843AAC4009B7255 /* Main.storyboard */,
			);
			path = View;
			sourceTree = "<group>";
		};
		273442A72843AE7800E76093 /* Controller */ = {
			isa = PBXGroup;
			children = (
				27EDFA762843C404008752E7 /* NavigationController.swift */,
				273798E52843AAC4009B7255 /* ViewController.swift */,
				2730C88D28447E680040DB1C /* BannerCell.swift */,
				278444532844D273005B8B63 /* DeliveryBannerCell.swift */,
				276343B62845006000D328E0 /* RestaurantViewController.swift */,
				2730C89B2844ABE50040DB1C /* TabbarVController */,
			);
			path = Controller;
			sourceTree = "<group>";
		};
		273798D52843AAC4009B7255 = {
			isa = PBXGroup;
			children = (
				273798E02843AAC4009B7255 /* Baemin */,
				273798DF2843AAC4009B7255 /* Products */,
				9C6CFDFE94A095419A9E2624 /* Pods */,
				1A283BBADA00EED29B53F17C /* Frameworks */,
			);
			sourceTree = "<group>";
		};
		273798DF2843AAC4009B7255 /* Products */ = {
			isa = PBXGroup;
			children = (
				273798DE2843AAC4009B7255 /* Baemin.app */,
			);
			name = Products;
			sourceTree = "<group>";
		};
		273798E02843AAC4009B7255 /* Baemin */ = {
			isa = PBXGroup;
			children = (
				273798E12843AAC4009B7255 /* AppDelegate.swift */,
				273798E32843AAC4009B7255 /* SceneDelegate.swift */,
				273798EF2843AAC5009B7255 /* Info.plist */,
				273442A52843AE6D00E76093 /* Model */,
				273442A62843AE7300E76093 /* View */,
				273442A72843AE7800E76093 /* Controller */,
			);
			path = Baemin;
			sourceTree = "<group>";
		};
		9C6CFDFE94A095419A9E2624 /* Pods */ = {
			isa = PBXGroup;
			children = (
				EA9BF396FC7C97487A458884 /* Pods-Baemin.debug.xcconfig */,
				3FBAD09A8B2C57C3C0952CC5 /* Pods-Baemin.release.xcconfig */,
			);
			path = Pods;
			sourceTree = "<group>";
		};
/* End PBXGroup section */

/* Begin PBXNativeTarget section */
		273798DD2843AAC4009B7255 /* Baemin */ = {
			isa = PBXNativeTarget;
			buildConfigurationList = 273798F22843AAC5009B7255 /* Build configuration list for PBXNativeTarget "Baemin" */;
			buildPhases = (
				C3A3CA115AA7BD933B45FDC0 /* [CP] Check Pods Manifest.lock */,
				273798DA2843AAC4009B7255 /* Sources */,
				273798DB2843AAC4009B7255 /* Frameworks */,
				273798DC2843AAC4009B7255 /* Resources */,
				44107CB7D15A5C760506D510 /* [CP] Embed Pods Frameworks */,
			);
			buildRules = (
			);
			dependencies = (
			);
			name = Baemin;
			productName = Baemin;
			productReference = 273798DE2843AAC4009B7255 /* Baemin.app */;
			productType = "com.apple.product-type.application";
		};
/* End PBXNativeTarget section */

/* Begin PBXProject section */
		273798D62843AAC4009B7255 /* Project object */ = {
			isa = PBXProject;
			attributes = {
				BuildIndependentTargetsInParallel = 1;
				LastSwiftUpdateCheck = 1340;
				LastUpgradeCheck = 1340;
				TargetAttributes = {
					273798DD2843AAC4009B7255 = {
						CreatedOnToolsVersion = 13.4;
					};
				};
			};
			buildConfigurationList = 273798D92843AAC4009B7255 /* Build configuration list for PBXProject "Baemin" */;
			compatibilityVersion = "Xcode 13.0";
			developmentRegion = en;
			hasScannedForEncodings = 0;
			knownRegions = (
				en,
				Base,
			);
			mainGroup = 273798D52843AAC4009B7255;
			productRefGroup = 273798DF2843AAC4009B7255 /* Products */;
			projectDirPath = "";
			projectRoot = "";
			targets = (
				273798DD2843AAC4009B7255 /* Baemin */,
			);
		};
/* End PBXProject section */

/* Begin PBXResourcesBuildPhase section */
		273798DC2843AAC4009B7255 /* Resources */ = {
			isa = PBXResourcesBuildPhase;
			buildActionMask = 2147483647;
			files = (
				273798EE2843AAC5009B7255 /* LaunchScreen.storyboard in Resources */,
				273798EB2843AAC5009B7255 /* Assets.xcassets in Resources */,
				273798E92843AAC4009B7255 /* Main.storyboard in Resources */,
			);
			runOnlyForDeploymentPostprocessing = 0;
		};
/* End PBXResourcesBuildPhase section */

/* Begin PBXShellScriptBuildPhase section */
		44107CB7D15A5C760506D510 /* [CP] Embed Pods Frameworks */ = {
			isa = PBXShellScriptBuildPhase;
			buildActionMask = 2147483647;
			files = (
			);
			inputFileListPaths = (
				"${PODS_ROOT}/Target Support Files/Pods-Baemin/Pods-Baemin-frameworks-${CONFIGURATION}-input-files.xcfilelist",
			);
			name = "[CP] Embed Pods Frameworks";
			outputFileListPaths = (
				"${PODS_ROOT}/Target Support Files/Pods-Baemin/Pods-Baemin-frameworks-${CONFIGURATION}-output-files.xcfilelist",
			);
			runOnlyForDeploymentPostprocessing = 0;
			shellPath = /bin/sh;
			shellScript = "\"${PODS_ROOT}/Target Support Files/Pods-Baemin/Pods-Baemin-frameworks.sh\"\n";
			showEnvVarsInLog = 0;
		};
		C3A3CA115AA7BD933B45FDC0 /* [CP] Check Pods Manifest.lock */ = {
			isa = PBXShellScriptBuildPhase;
			buildActionMask = 2147483647;
			files = (
			);
			inputFileListPaths = (
			);
			inputPaths = (
				"${PODS_PODFILE_DIR_PATH}/Podfile.lock",
				"${PODS_ROOT}/Manifest.lock",
			);
			name = "[CP] Check Pods Manifest.lock";
			outputFileListPaths = (
			);
			outputPaths = (
				"$(DERIVED_FILE_DIR)/Pods-Baemin-checkManifestLockResult.txt",
			);
			runOnlyForDeploymentPostprocessing = 0;
			shellPath = /bin/sh;
			shellScript = "diff \"${PODS_PODFILE_DIR_PATH}/Podfile.lock\" \"${PODS_ROOT}/Manifest.lock\" > /dev/null\nif [ $? != 0 ] ; then\n    # print error to STDERR\n    echo \"error: The sandbox is not in sync with the Podfile.lock. Run 'pod install' or update your CocoaPods installation.\" >&2\n    exit 1\nfi\n# This output is used by Xcode 'outputs' to avoid re-running this script phase.\necho \"SUCCESS\" > \"${SCRIPT_OUTPUT_FILE_0}\"\n";
			showEnvVarsInLog = 0;
		};
/* End PBXShellScriptBuildPhase section */

/* Begin PBXSourcesBuildPhase section */
		273798DA2843AAC4009B7255 /* Sources */ = {
			isa = PBXSourcesBuildPhase;
			buildActionMask = 2147483647;
			files = (
				273798E62843AAC4009B7255 /* ViewController.swift in Sources */,
				2730C88E28447E680040DB1C /* BannerCell.swift in Sources */,
				2730C8982844ABD20040DB1C /* FourViewController.swift in Sources */,
				278444542844D273005B8B63 /* DeliveryBannerCell.swift in Sources */,
				2730C8902844A12F0040DB1C /* DeliveryViewController.swift in Sources */,
				2730C8942844ABBE0040DB1C /* TwoViewController.swift in Sources */,
				2730C89A2844ABD90040DB1C /* FIveViewController.swift in Sources */,
				27EDFA772843C404008752E7 /* NavigationController.swift in Sources */,
				273798E22843AAC4009B7255 /* AppDelegate.swift in Sources */,
				276343B72845006000D328E0 /* RestaurantViewController.swift in Sources */,
				2730C8962844ABC80040DB1C /* ThreeViewController.swift in Sources */,
				2730C89D2844B4560040DB1C /* SixViewController.swift in Sources */,
				2730C8922844AACA0040DB1C /* OneViewController.swift in Sources */,
				273798E42843AAC4009B7255 /* SceneDelegate.swift in Sources */,
			);
			runOnlyForDeploymentPostprocessing = 0;
		};
/* End PBXSourcesBuildPhase section */

/* Begin PBXVariantGroup section */
		273798E72843AAC4009B7255 /* Main.storyboard */ = {
			isa = PBXVariantGroup;
			children = (
				273798E82843AAC4009B7255 /* Base */,
			);
			name = Main.storyboard;
			sourceTree = "<group>";
		};
		273798EC2843AAC5009B7255 /* LaunchScreen.storyboard */ = {
			isa = PBXVariantGroup;
			children = (
				273798ED2843AAC5009B7255 /* Base */,
			);
			name = LaunchScreen.storyboard;
			sourceTree = "<group>";
		};
/* End PBXVariantGroup section */

/* Begin XCBuildConfiguration section */
		273798F02843AAC5009B7255 /* Debug */ = {
			isa = XCBuildConfiguration;
			buildSettings = {
				ALWAYS_SEARCH_USER_PATHS = NO;
				CLANG_ANALYZER_NONNULL = YES;
				CLANG_ANALYZER_NUMBER_OBJECT_CONVERSION = YES_AGGRESSIVE;
				CLANG_CXX_LANGUAGE_STANDARD = "gnu++17";
				CLANG_ENABLE_MODULES = YES;
				CLANG_ENABLE_OBJC_ARC = YES;
				CLANG_ENABLE_OBJC_WEAK = YES;
				CLANG_WARN_BLOCK_CAPTURE_AUTORELEASING = YES;
				CLANG_WARN_BOOL_CONVERSION = YES;
				CLANG_WARN_COMMA = YES;
				CLANG_WARN_CONSTANT_CONVERSION = YES;
				CLANG_WARN_DEPRECATED_OBJC_IMPLEMENTATIONS = YES;
				CLANG_WARN_DIRECT_OBJC_ISA_USAGE = YES_ERROR;
				CLANG_WARN_DOCUMENTATION_COMMENTS = YES;
				CLANG_WARN_EMPTY_BODY = YES;
				CLANG_WARN_ENUM_CONVERSION = YES;
				CLANG_WARN_INFINITE_RECURSION = YES;
				CLANG_WARN_INT_CONVERSION = YES;
				CLANG_WARN_NON_LITERAL_NULL_CONVERSION = YES;
				CLANG_WARN_OBJC_IMPLICIT_RETAIN_SELF = YES;
				CLANG_WARN_OBJC_LITERAL_CONVERSION = YES;
				CLANG_WARN_OBJC_ROOT_CLASS = YES_ERROR;
				CLANG_WARN_QUOTED_INCLUDE_IN_FRAMEWORK_HEADER = YES;
				CLANG_WARN_RANGE_LOOP_ANALYSIS = YES;
				CLANG_WARN_STRICT_PROTOTYPES = YES;
				CLANG_WARN_SUSPICIOUS_MOVE = YES;
				CLANG_WARN_UNGUARDED_AVAILABILITY = YES_AGGRESSIVE;
				CLANG_WARN_UNREACHABLE_CODE = YES;
				CLANG_WARN__DUPLICATE_METHOD_MATCH = YES;
				COPY_PHASE_STRIP = NO;
				DEBUG_INFORMATION_FORMAT = dwarf;
				ENABLE_STRICT_OBJC_MSGSEND = YES;
				ENABLE_TESTABILITY = YES;
				GCC_C_LANGUAGE_STANDARD = gnu11;
				GCC_DYNAMIC_NO_PIC = NO;
				GCC_NO_COMMON_BLOCKS = YES;
				GCC_OPTIMIZATION_LEVEL = 0;
				GCC_PREPROCESSOR_DEFINITIONS = (
					"DEBUG=1",
					"$(inherited)",
				);
				GCC_WARN_64_TO_32_BIT_CONVERSION = YES;
				GCC_WARN_ABOUT_RETURN_TYPE = YES_ERROR;
				GCC_WARN_UNDECLARED_SELECTOR = YES;
				GCC_WARN_UNINITIALIZED_AUTOS = YES_AGGRESSIVE;
				GCC_WARN_UNUSED_FUNCTION = YES;
				GCC_WARN_UNUSED_VARIABLE = YES;
				IPHONEOS_DEPLOYMENT_TARGET = 15.5;
				MTL_ENABLE_DEBUG_INFO = INCLUDE_SOURCE;
				MTL_FAST_MATH = YES;
				ONLY_ACTIVE_ARCH = YES;
				SDKROOT = iphoneos;
				SWIFT_ACTIVE_COMPILATION_CONDITIONS = DEBUG;
				SWIFT_OPTIMIZATION_LEVEL = "-Onone";
			};
			name = Debug;
		};
		273798F12843AAC5009B7255 /* Release */ = {
			isa = XCBuildConfiguration;
			buildSettings = {
				ALWAYS_SEARCH_USER_PATHS = NO;
				CLANG_ANALYZER_NONNULL = YES;
				CLANG_ANALYZER_NUMBER_OBJECT_CONVERSION = YES_AGGRESSIVE;
				CLANG_CXX_LANGUAGE_STANDARD = "gnu++17";
				CLANG_ENABLE_MODULES = YES;
				CLANG_ENABLE_OBJC_ARC = YES;
				CLANG_ENABLE_OBJC_WEAK = YES;
				CLANG_WARN_BLOCK_CAPTURE_AUTORELEASING = YES;
				CLANG_WARN_BOOL_CONVERSION = YES;
				CLANG_WARN_COMMA = YES;
				CLANG_WARN_CONSTANT_CONVERSION = YES;
				CLANG_WARN_DEPRECATED_OBJC_IMPLEMENTATIONS = YES;
				CLANG_WARN_DIRECT_OBJC_ISA_USAGE = YES_ERROR;
				CLANG_WARN_DOCUMENTATION_COMMENTS = YES;
				CLANG_WARN_EMPTY_BODY = YES;
				CLANG_WARN_ENUM_CONVERSION = YES;
				CLANG_WARN_INFINITE_RECURSION = YES;
				CLANG_WARN_INT_CONVERSION = YES;
				CLANG_WARN_NON_LITERAL_NULL_CONVERSION = YES;
				CLANG_WARN_OBJC_IMPLICIT_RETAIN_SELF = YES;
				CLANG_WARN_OBJC_LITERAL_CONVERSION = YES;
				CLANG_WARN_OBJC_ROOT_CLASS = YES_ERROR;
				CLANG_WARN_QUOTED_INCLUDE_IN_FRAMEWORK_HEADER = YES;
				CLANG_WARN_RANGE_LOOP_ANALYSIS = YES;
				CLANG_WARN_STRICT_PROTOTYPES = YES;
				CLANG_WARN_SUSPICIOUS_MOVE = YES;
				CLANG_WARN_UNGUARDED_AVAILABILITY = YES_AGGRESSIVE;
				CLANG_WARN_UNREACHABLE_CODE = YES;
				CLANG_WARN__DUPLICATE_METHOD_MATCH = YES;
				COPY_PHASE_STRIP = NO;
				DEBUG_INFORMATION_FORMAT = "dwarf-with-dsym";
				ENABLE_NS_ASSERTIONS = NO;
				ENABLE_STRICT_OBJC_MSGSEND = YES;
				GCC_C_LANGUAGE_STANDARD = gnu11;
				GCC_NO_COMMON_BLOCKS = YES;
				GCC_WARN_64_TO_32_BIT_CONVERSION = YES;
				GCC_WARN_ABOUT_RETURN_TYPE = YES_ERROR;
				GCC_WARN_UNDECLARED_SELECTOR = YES;
				GCC_WARN_UNINITIALIZED_AUTOS = YES_AGGRESSIVE;
				GCC_WARN_UNUSED_FUNCTION = YES;
				GCC_WARN_UNUSED_VARIABLE = YES;
				IPHONEOS_DEPLOYMENT_TARGET = 15.5;
				MTL_ENABLE_DEBUG_INFO = NO;
				MTL_FAST_MATH = YES;
				SDKROOT = iphoneos;
				SWIFT_COMPILATION_MODE = wholemodule;
				SWIFT_OPTIMIZATION_LEVEL = "-O";
				VALIDATE_PRODUCT = YES;
			};
			name = Release;
		};
		273798F32843AAC5009B7255 /* Debug */ = {
			isa = XCBuildConfiguration;
			baseConfigurationReference = EA9BF396FC7C97487A458884 /* Pods-Baemin.debug.xcconfig */;
			buildSettings = {
				ASSETCATALOG_COMPILER_APPICON_NAME = AppIcon;
				ASSETCATALOG_COMPILER_GLOBAL_ACCENT_COLOR_NAME = AccentColor;
				CODE_SIGN_STYLE = Automatic;
				CURRENT_PROJECT_VERSION = 1;
				DEVELOPMENT_TEAM = BGU99JP2HN;
				GENERATE_INFOPLIST_FILE = YES;
				INFOPLIST_FILE = Baemin/Info.plist;
				INFOPLIST_KEY_UIApplicationSupportsIndirectInputEvents = YES;
				INFOPLIST_KEY_UILaunchStoryboardName = LaunchScreen;
				INFOPLIST_KEY_UIMainStoryboardFile = Main;
				INFOPLIST_KEY_UISupportedInterfaceOrientations = UIInterfaceOrientationPortrait;
				INFOPLIST_KEY_UISupportedInterfaceOrientations_iPad = "UIInterfaceOrientationPortrait UIInterfaceOrientationPortraitUpsideDown UIInterfaceOrientationLandscapeLeft UIInterfaceOrientationLandscapeRight";
				INFOPLIST_KEY_UISupportedInterfaceOrientations_iPhone = "UIInterfaceOrientationPortrait UIInterfaceOrientationLandscapeLeft UIInterfaceOrientationLandscapeRight";
				IPHONEOS_DEPLOYMENT_TARGET = 13.0;
				LD_RUNPATH_SEARCH_PATHS = (
					"$(inherited)",
					"@executable_path/Frameworks",
				);
				MARKETING_VERSION = 1.0;
				PRODUCT_BUNDLE_IDENTIFIER = Kyle.Baemin;
				PRODUCT_NAME = "$(TARGET_NAME)";
				SWIFT_EMIT_LOC_STRINGS = YES;
				SWIFT_VERSION = 5.0;
				TARGETED_DEVICE_FAMILY = 1;
			};
			name = Debug;
		};
		273798F42843AAC5009B7255 /* Release */ = {
			isa = XCBuildConfiguration;
			baseConfigurationReference = 3FBAD09A8B2C57C3C0952CC5 /* Pods-Baemin.release.xcconfig */;
			buildSettings = {
				ASSETCATALOG_COMPILER_APPICON_NAME = AppIcon;
				ASSETCATALOG_COMPILER_GLOBAL_ACCENT_COLOR_NAME = AccentColor;
				CODE_SIGN_STYLE = Automatic;
				CURRENT_PROJECT_VERSION = 1;
				DEVELOPMENT_TEAM = BGU99JP2HN;
				GENERATE_INFOPLIST_FILE = YES;
				INFOPLIST_FILE = Baemin/Info.plist;
				INFOPLIST_KEY_UIApplicationSupportsIndirectInputEvents = YES;
				INFOPLIST_KEY_UILaunchStoryboardName = LaunchScreen;
				INFOPLIST_KEY_UIMainStoryboardFile = Main;
				INFOPLIST_KEY_UISupportedInterfaceOrientations = UIInterfaceOrientationPortrait;
				INFOPLIST_KEY_UISupportedInterfaceOrientations_iPad = "UIInterfaceOrientationPortrait UIInterfaceOrientationPortraitUpsideDown UIInterfaceOrientationLandscapeLeft UIInterfaceOrientationLandscapeRight";
				INFOPLIST_KEY_UISupportedInterfaceOrientations_iPhone = "UIInterfaceOrientationPortrait UIInterfaceOrientationLandscapeLeft UIInterfaceOrientationLandscapeRight";
				IPHONEOS_DEPLOYMENT_TARGET = 13.0;
				LD_RUNPATH_SEARCH_PATHS = (
					"$(inherited)",
					"@executable_path/Frameworks",
				);
				MARKETING_VERSION = 1.0;
				PRODUCT_BUNDLE_IDENTIFIER = Kyle.Baemin;
				PRODUCT_NAME = "$(TARGET_NAME)";
				SWIFT_EMIT_LOC_STRINGS = YES;
				SWIFT_VERSION = 5.0;
				TARGETED_DEVICE_FAMILY = 1;
			};
			name = Release;
		};
/* End XCBuildConfiguration section */

/* Begin XCConfigurationList section */
		273798D92843AAC4009B7255 /* Build configuration list for PBXProject "Baemin" */ = {
			isa = XCConfigurationList;
			buildConfigurations = (
				273798F02843AAC5009B7255 /* Debug */,
				273798F12843AAC5009B7255 /* Release */,
			);
			defaultConfigurationIsVisible = 0;
			defaultConfigurationName = Release;
		};
		273798F22843AAC5009B7255 /* Build configuration list for PBXNativeTarget "Baemin" */ = {
			isa = XCConfigurationList;
			buildConfigurations = (
				273798F32843AAC5009B7255 /* Debug */,
				273798F42843AAC5009B7255 /* Release */,
			);
			defaultConfigurationIsVisible = 0;
			defaultConfigurationName = Release;
		};
/* End XCConfigurationList section */
	};
	rootObject = 273798D62843AAC4009B7255 /* Project object */;
}
